
Microsoft Visual Studio Solution File, Format Version 12.00
# Visual Studio Version 17
VisualStudioVersion = 17.1.32210.238
MinimumVisualStudioVersion = 10.0.40219.1
Project("{2150E333-8FDC-42A3-9474-1A3956D46DE8}") = "Documents", "Documents", "{AAC78D9D-44B8-4BD2-A950-FA4CA19F89F0}"
EndProject
Project("{2150E333-8FDC-42A3-9474-1A3956D46DE8}") = "Frameworks", "Frameworks", "{893E7727-916B-450D-8E70-4843140F46FC}"
EndProject
Project("{2150E333-8FDC-42A3-9474-1A3956D46DE8}") = "Microservices", "Microservices", "{2F999327-5792-4533-AAF0-941868B543A1}"
EndProject
Project("{FAE04EC0-301F-11D3-BF4B-00C04F79EFBC}") = "Khn.Logging", "Khn.Logging\Khn.Logging.csproj", "{3D035609-E700-456D-BD17-A83BFBE2E53F}"
EndProject
Project("{2150E333-8FDC-42A3-9474-1A3956D46DE8}") = "LoggingMicroservice", "LoggingMicroservice", "{AAEC613A-7B3D-4A6F-84F0-31A740F78AB8}"
EndProject
Project("{2150E333-8FDC-42A3-9474-1A3956D46DE8}") = "Api", "Api", "{15870048-533B-4EB6-8D97-7F3C5EB2552E}"
EndProject
Project("{2150E333-8FDC-42A3-9474-1A3956D46DE8}") = "Application", "Application", "{03E5B25C-BBD2-4A33-BA5A-4C7B55DDD73E}"
EndProject
Project("{2150E333-8FDC-42A3-9474-1A3956D46DE8}") = "Core", "Core", "{115266E7-5696-4950-9BF5-EFEFF686F821}"
EndProject
Project("{2150E333-8FDC-42A3-9474-1A3956D46DE8}") = "Domain", "Domain", "{6C679030-FCA0-4B8C-B2B5-C5CDA2BB3815}"
EndProject
Project("{2150E333-8FDC-42A3-9474-1A3956D46DE8}") = "Persistence", "Persistence", "{46BDA27E-9360-4E38-97CA-B46CC5340832}"
EndProject
Project("{2150E333-8FDC-42A3-9474-1A3956D46DE8}") = "Resources", "Resources", "{8F0453E3-63ED-4801-B172-F59851499A28}"
EndProject
Project("{FAE04EC0-301F-11D3-BF4B-00C04F79EFBC}") = "LoggingMicroservice.Api", "LoggingMicroservice.Api\LoggingMicroservice.Api.csproj", "{B55EE55C-F492-42AA-8396-11E135E44B3D}"
EndProject
Project("{FAE04EC0-301F-11D3-BF4B-00C04F79EFBC}") = "LoggingMicroservice.Application", "LoggingMicroservice.Application\LoggingMicroservice.Application.csproj", "{EBD65F2F-1C5F-48C4-A707-36322FA0A614}"
EndProject
Project("{FAE04EC0-301F-11D3-BF4B-00C04F79EFBC}") = "LoggingMicroservice.Core", "LoggingMicroservice.Core\LoggingMicroservice.Core.csproj", "{A5699E69-D736-489A-A840-DCF699B7036F}"
EndProject
Project("{FAE04EC0-301F-11D3-BF4B-00C04F79EFBC}") = "LoggingMicroservice.Domain", "LoggingMicroservice.Domain\LoggingMicroservice.Domain.csproj", "{967646DA-3E6E-47B1-9140-4D3135CD3BF7}"
EndProject
Project("{FAE04EC0-301F-11D3-BF4B-00C04F79EFBC}") = "LoggingMicroservice.Persistence", "LoggingMicroservice.Persistence\LoggingMicroservice.Persistence.csproj", "{7234A52B-B568-48D3-B6E0-D3515B324CEF}"
EndProject
Project("{FAE04EC0-301F-11D3-BF4B-00C04F79EFBC}") = "LoggingMicroservice.Resource", "LoggingMicroservice.Resource\LoggingMicroservice.Resource.csproj", "{64544745-2E07-49BB-AD23-FC3B77E167CA}"
EndProject
Project("{FAE04EC0-301F-11D3-BF4B-00C04F79EFBC}") = "Khn", "Khn\Khn.csproj", "{64F051D5-6AE1-4AB9-978E-9D1F9B37D174}"
EndProject
Global
	GlobalSection(SolutionConfigurationPlatforms) = preSolution
		Debug|Any CPU = Debug|Any CPU
		Release|Any CPU = Release|Any CPU
	EndGlobalSection
	GlobalSection(ProjectConfigurationPlatforms) = postSolution
		{3D035609-E700-456D-BD17-A83BFBE2E53F}.Debug|Any CPU.ActiveCfg = Debug|Any CPU
		{3D035609-E700-456D-BD17-A83BFBE2E53F}.Debug|Any CPU.Build.0 = Debug|Any CPU
		{3D035609-E700-456D-BD17-A83BFBE2E53F}.Release|Any CPU.ActiveCfg = Release|Any CPU
		{3D035609-E700-456D-BD17-A83BFBE2E53F}.Release|Any CPU.Build.0 = Release|Any CPU
		{B55EE55C-F492-42AA-8396-11E135E44B3D}.Debug|Any CPU.ActiveCfg = Debug|Any CPU
		{B55EE55C-F492-42AA-8396-11E135E44B3D}.Debug|Any CPU.Build.0 = Debug|Any CPU
		{B55EE55C-F492-42AA-8396-11E135E44B3D}.Release|Any CPU.ActiveCfg = Release|Any CPU
		{B55EE55C-F492-42AA-8396-11E135E44B3D}.Release|Any CPU.Build.0 = Release|Any CPU
		{EBD65F2F-1C5F-48C4-A707-36322FA0A614}.Debug|Any CPU.ActiveCfg = Debug|Any CPU
		{EBD65F2F-1C5F-48C4-A707-36322FA0A614}.Debug|Any CPU.Build.0 = Debug|Any CPU
		{EBD65F2F-1C5F-48C4-A707-36322FA0A614}.Release|Any CPU.ActiveCfg = Release|Any CPU
		{EBD65F2F-1C5F-48C4-A707-36322FA0A614}.Release|Any CPU.Build.0 = Release|Any CPU
		{A5699E69-D736-489A-A840-DCF699B7036F}.Debug|Any CPU.ActiveCfg = Debug|Any CPU
		{A5699E69-D736-489A-A840-DCF699B7036F}.Debug|Any CPU.Build.0 = Debug|Any CPU
		{A5699E69-D736-489A-A840-DCF699B7036F}.Release|Any CPU.ActiveCfg = Release|Any CPU
		{A5699E69-D736-489A-A840-DCF699B7036F}.Release|Any CPU.Build.0 = Release|Any CPU
		{967646DA-3E6E-47B1-9140-4D3135CD3BF7}.Debug|Any CPU.ActiveCfg = Debug|Any CPU
		{967646DA-3E6E-47B1-9140-4D3135CD3BF7}.Debug|Any CPU.Build.0 = Debug|Any CPU
		{967646DA-3E6E-47B1-9140-4D3135CD3BF7}.Release|Any CPU.ActiveCfg = Release|Any CPU
		{967646DA-3E6E-47B1-9140-4D3135CD3BF7}.Release|Any CPU.Build.0 = Release|Any CPU
		{7234A52B-B568-48D3-B6E0-D3515B324CEF}.Debug|Any CPU.ActiveCfg = Debug|Any CPU
		{7234A52B-B568-48D3-B6E0-D3515B324CEF}.Debug|Any CPU.Build.0 = Debug|Any CPU
		{7234A52B-B568-48D3-B6E0-D3515B324CEF}.Release|Any CPU.ActiveCfg = Release|Any CPU
		{7234A52B-B568-48D3-B6E0-D3515B324CEF}.Release|Any CPU.Build.0 = Release|Any CPU
		{64544745-2E07-49BB-AD23-FC3B77E167CA}.Debug|Any CPU.ActiveCfg = Debug|Any CPU
		{64544745-2E07-49BB-AD23-FC3B77E167CA}.Debug|Any CPU.Build.0 = Debug|Any CPU
		{64544745-2E07-49BB-AD23-FC3B77E167CA}.Release|Any CPU.ActiveCfg = Release|Any CPU
		{64544745-2E07-49BB-AD23-FC3B77E167CA}.Release|Any CPU.Build.0 = Release|Any CPU
		{64F051D5-6AE1-4AB9-978E-9D1F9B37D174}.Debug|Any CPU.ActiveCfg = Debug|Any CPU
		{64F051D5-6AE1-4AB9-978E-9D1F9B37D174}.Debug|Any CPU.Build.0 = Debug|Any CPU
		{64F051D5-6AE1-4AB9-978E-9D1F9B37D174}.Release|Any CPU.ActiveCfg = Release|Any CPU
		{64F051D5-6AE1-4AB9-978E-9D1F9B37D174}.Release|Any CPU.Build.0 = Release|Any CPU
	EndGlobalSection
	GlobalSection(SolutionProperties) = preSolution
		HideSolutionNode = FALSE
	EndGlobalSection
	GlobalSection(NestedProjects) = preSolution
		{3D035609-E700-456D-BD17-A83BFBE2E53F} = {893E7727-916B-450D-8E70-4843140F46FC}
		{AAEC613A-7B3D-4A6F-84F0-31A740F78AB8} = {2F999327-5792-4533-AAF0-941868B543A1}
		{15870048-533B-4EB6-8D97-7F3C5EB2552E} = {AAEC613A-7B3D-4A6F-84F0-31A740F78AB8}
		{03E5B25C-BBD2-4A33-BA5A-4C7B55DDD73E} = {AAEC613A-7B3D-4A6F-84F0-31A740F78AB8}
		{115266E7-5696-4950-9BF5-EFEFF686F821} = {AAEC613A-7B3D-4A6F-84F0-31A740F78AB8}
		{6C679030-FCA0-4B8C-B2B5-C5CDA2BB3815} = {AAEC613A-7B3D-4A6F-84F0-31A740F78AB8}
		{46BDA27E-9360-4E38-97CA-B46CC5340832} = {AAEC613A-7B3D-4A6F-84F0-31A740F78AB8}
		{8F0453E3-63ED-4801-B172-F59851499A28} = {AAEC613A-7B3D-4A6F-84F0-31A740F78AB8}
		{B55EE55C-F492-42AA-8396-11E135E44B3D} = {15870048-533B-4EB6-8D97-7F3C5EB2552E}
		{EBD65F2F-1C5F-48C4-A707-36322FA0A614} = {03E5B25C-BBD2-4A33-BA5A-4C7B55DDD73E}
		{A5699E69-D736-489A-A840-DCF699B7036F} = {115266E7-5696-4950-9BF5-EFEFF686F821}
		{967646DA-3E6E-47B1-9140-4D3135CD3BF7} = {6C679030-FCA0-4B8C-B2B5-C5CDA2BB3815}
		{7234A52B-B568-48D3-B6E0-D3515B324CEF} = {46BDA27E-9360-4E38-97CA-B46CC5340832}
		{64544745-2E07-49BB-AD23-FC3B77E167CA} = {8F0453E3-63ED-4801-B172-F59851499A28}
		{64F051D5-6AE1-4AB9-978E-9D1F9B37D174} = {893E7727-916B-450D-8E70-4843140F46FC}
	EndGlobalSection
	GlobalSection(ExtensibilityGlobals) = postSolution
		SolutionGuid = {1A516662-C4FF-4339-95D5-D48C1930653B}
	EndGlobalSection
EndGlobal
